{
  "name": "familyos-cloudflare",
  "version": "1.0.0",
  "lockfileVersion": 3,
  "requires": true,
  "packages": {
    "": {
      "name": "familyos-cloudflare",
      "version": "1.0.0",
      "dependencies": {
        "@cloudflare/vite-plugin": "latest",
        "@vitejs/plugin-react": "latest",
        "lucide-react": "latest",
        "react": "latest",
        "react-dom": "latest",
        "vite": "latest"
      },
      "devDependencies": {
        "@cloudflare/workers-types": "latest",
        "@eslint/js": "latest",
        "@types/react": "latest",
        "@types/react-dom": "latest",
        "eslint": "latest",
        "eslint-plugin-react-hooks": "latest",
        "globals": "latest",
        "typescript": "latest",
        "typescript-eslint": "latest",
        "vitest": "latest"
      }
    }
  }
}
